
Microsoft Visual Studio Solution File, Format Version 12.00
# Visual Studio Version 16
VisualStudioVersion = 16.0.31515.178
MinimumVisualStudioVersion = 10.0.40219.1
Project("{FAE04EC0-301F-11D3-BF4B-00C04F79EFBC}") = "WEB_APP", "WEB_APP\WEB_APP.csproj", "{B943038B-B875-4526-B40B-8522BDB6E5DD}"
EndProject
Global
	GlobalSection(SolutionConfigurationPlatforms) = preSolution
		Debug|Any CPU = Debug|Any CPU
		Release|Any CPU = Release|Any CPU
	EndGlobalSection
	GlobalSection(ProjectConfigurationPlatforms) = postSolution
		{B943038B-B875-4526-B40B-8522BDB6E5DD}.Debug|Any CPU.ActiveCfg = Debug|Any CPU
		{B943038B-B875-4526-B40B-8522BDB6E5DD}.Debug|Any CPU.Build.0 = Debug|Any CPU
		{B943038B-B875-4526-B40B-8522BDB6E5DD}.Release|Any CPU.ActiveCfg = Release|Any CPU
		{B943038B-B875-4526-B40B-8522BDB6E5DD}.Release|Any CPU.Build.0 = Release|Any CPU
	EndGlobalSection
	GlobalSection(SolutionProperties) = preSolution
		HideSolutionNode = FALSE
	EndGlobalSection
	GlobalSection(ExtensibilityGlobals) = postSolution
		SolutionGuid = {F897894A-130B-474A-A526-9DA267119528}
	EndGlobalSection
EndGlobal
